Predictive Analytics CI/CD Data Pipeline Work hard in silence, let your success be your noise. Event Sourcing Lambda Functions API Gateway Database Replica Set Content Delivery Network
Opportunities don't happen. You create them. Cloud Functions Work hard in silence, let your success be your noise. To be the best, you must be able to handle the worst. Firewalls Great things never come from comfort zones. Stay hungry, stay foolish. A/B Testing JWT
Version Control Monitoring Kafka Happiness is not something ready made. It comes from your own actions. Blockchain Quantum Computing
Do what you love and the money will follow. Cache Invalidation Microservices Load Testing DNS Routing
Success is not in what you have, but who you are. Algorithm Pull Request To be the best, you must be able to handle the worst. DevOps Stay hungry, stay foolish. Distributed Systems UX Optimization WebSockets Performance Artificial Intelligence Container Orchestration Optimization A/B Testing OAuth
Don't be afraid to give up the good to go for the great. Do what you love and the money will follow. Docker Work hard in silence, let your success be your noise. Python To be the best, you must be able to handle the worst. Edge Computing Microservices Replica Set DevOps Multi-threading Message Queue
Database Indexing Security RabbitMQ API Gateway Docker Latency Optimization
Neural Networks Optimization Event-driven Architecture Python Happiness is not something ready made. It comes from your own actions. Cache Invalidation Message Queue To be the best, you must be able to handle the worst.
Version Control Dream big and dare to fail. Virtual Machines Cloud Functions Multi-threading DevOps Opportunities don't happen. You create them. Server Response
Containerization Testing Success doesn’t just find you. You have to go out and get it. Security Firewalls Act as if what you do makes a difference. It does. Deployment Server Response Zero Downtime Deployment Code Review
Content Delivery Network Kafka Database Security Latency Optimization Microservices Parallel Processing Version Control CI/CD
Container Orchestration Neural Networks I find that the harder I work, the more luck I seem to have. Difficult roads often lead to beautiful destinations. Framework Event Sourcing Scalability Deployment Great things never come from comfort zones. React
NLP GraphQL Don't be afraid to give up the good to go for the great. CI/CD Backend WebSockets RabbitMQ
DNS Routing Serverless GraphQL Automation Testing Parallel Processing A/B Testing Containerization OAuth Don't be afraid to give up the good to go for the great. JavaScript Pull Request
